// !$*UTF8*$!
{
	archiveVersion = 1;
	classes = {
	};
	objectVersion = 51;
	objects = {

/* Begin PBXBuildFile section */
		CD7CDBE5256F5D0D002AE46F /* AppDelegate.swift in Sources */ = {isa = PBXBuildFile; fileRef = CD7CDBE4256F5D0D002AE46F /* AppDelegate.swift */; };
		CD7CDBE7256F5D0D002AE46F /* ViewController.swift in Sources */ = {isa = PBXBuildFile; fileRef = CD7CDBE6256F5D0D002AE46F /* ViewController.swift */; };
		CD7CDBE9256F5D0F002AE46F /* Assets.xcassets in Resources */ = {isa = PBXBuildFile; fileRef = CD7CDBE8256F5D0F002AE46F /* Assets.xcassets */; };
		CD7CDBEC256F5D0F002AE46F /* Main.storyboard in Resources */ = {isa = PBXBuildFile; fileRef = CD7CDBEA256F5D0F002AE46F /* Main.storyboard */; };
		CD7CDBFE256F5DFC002AE46F /* MemoryScanner.swift in Sources */ = {isa = PBXBuildFile; fileRef = CD7CDBF8256F5DFC002AE46F /* MemoryScanner.swift */; };
		CD7CDBFF256F5DFC002AE46F /* CelesteScanner.swift in Sources */ = {isa = PBXBuildFile; fileRef = CD7CDBF9256F5DFC002AE46F /* CelesteScanner.swift */; };
		CD7CDC00256F5DFC002AE46F /* memory_scanner.c in Sources */ = {isa = PBXBuildFile; fileRef = CD7CDBFD256F5DFC002AE46F /* memory_scanner.c */; };
		CD7CDC03256F626D002AE46F /* LiveSplitServer.swift in Sources */ = {isa = PBXBuildFile; fileRef = CD7CDC02256F626D002AE46F /* LiveSplitServer.swift */; };
		CD7CDC05256F7304002AE46F /* SimpleWebSocketServer.swift in Sources */ = {isa = PBXBuildFile; fileRef = CD7CDC04256F7304002AE46F /* SimpleWebSocketServer.swift */; };
		CD7CDC2825717D2D002AE46F /* CelesteSplitter.swift in Sources */ = {isa = PBXBuildFile; fileRef = CD7CDC2725717D2D002AE46F /* CelesteSplitter.swift */; };
		CDA94457257382D300DB2A85 /* RouteBox.swift in Sources */ = {isa = PBXBuildFile; fileRef = CDA94456257382D300DB2A85 /* RouteBox.swift */; };
		DB56D9F05D0BC5B4DE4CECC8 /* Pods_SwiftSplit.framework in Frameworks */ = {isa = PBXBuildFile; fileRef = CF09341B2ECF29501B823DEC /* Pods_SwiftSplit.framework */; };
/* End PBXBuildFile section */

/* Begin PBXFileReference section */
		2557401E37458142957F7D9D /* Pods-SwiftSplit.debug.xcconfig */ = {isa = PBXFileReference; includeInIndex = 1; lastKnownFileType = text.xcconfig; name = "Pods-SwiftSplit.debug.xcconfig"; path = "Target Support Files/Pods-SwiftSplit/Pods-SwiftSplit.debug.xcconfig"; sourceTree = "<group>"; };
		CD7CDBE1256F5D0D002AE46F /* SwiftSplit.app */ = {isa = PBXFileReference; explicitFileType = wrapper.application; includeInIndex = 0; path = SwiftSplit.app; sourceTree = BUILT_PRODUCTS_DIR; };
		CD7CDBE4256F5D0D002AE46F /* AppDelegate.swift */ = {isa = PBXFileReference; lastKnownFileType = sourcecode.swift; path = AppDelegate.swift; sourceTree = "<group>"; };
		CD7CDBE6256F5D0D002AE46F /* ViewController.swift */ = {isa = PBXFileReference; lastKnownFileType = sourcecode.swift; path = ViewController.swift; sourceTree = "<group>"; };
		CD7CDBE8256F5D0F002AE46F /* Assets.xcassets */ = {isa = PBXFileReference; lastKnownFileType = folder.assetcatalog; path = Assets.xcassets; sourceTree = "<group>"; };
		CD7CDBEB256F5D0F002AE46F /* Base */ = {isa = PBXFileReference; lastKnownFileType = file.storyboard; name = Base; path = Base.lproj/Main.storyboard; sourceTree = "<group>"; };
		CD7CDBED256F5D0F002AE46F /* Info.plist */ = {isa = PBXFileReference; lastKnownFileType = text.plist.xml; path = Info.plist; sourceTree = "<group>"; };
		CD7CDBEE256F5D0F002AE46F /* SwiftSplit.entitlements */ = {isa = PBXFileReference; lastKnownFileType = text.plist.entitlements; path = SwiftSplit.entitlements; sourceTree = "<group>"; };
		CD7CDBF4256F5DDB002AE46F /* SwiftSplit-Bridging-Header.h */ = {isa = PBXFileReference; lastKnownFileType = sourcecode.c.h; path = "SwiftSplit-Bridging-Header.h"; sourceTree = "<group>"; };
		CD7CDBF8256F5DFC002AE46F /* MemoryScanner.swift */ = {isa = PBXFileReference; lastKnownFileType = sourcecode.swift; path = MemoryScanner.swift; sourceTree = "<group>"; };
		CD7CDBF9256F5DFC002AE46F /* CelesteScanner.swift */ = {isa = PBXFileReference; lastKnownFileType = sourcecode.swift; path = CelesteScanner.swift; sourceTree = "<group>"; };
		CD7CDBFA256F5DFC002AE46F /* memory_scanner.h */ = {isa = PBXFileReference; lastKnownFileType = sourcecode.c.h; path = memory_scanner.h; sourceTree = "<group>"; };
		CD7CDBFC256F5DFC002AE46F /* CelesteMemoryLayout.md */ = {isa = PBXFileReference; lastKnownFileType = net.daringfireball.markdown; path = CelesteMemoryLayout.md; sourceTree = "<group>"; };
		CD7CDBFD256F5DFC002AE46F /* memory_scanner.c */ = {isa = PBXFileReference; lastKnownFileType = sourcecode.c.c; path = memory_scanner.c; sourceTree = "<group>"; };
		CD7CDC02256F626D002AE46F /* LiveSplitServer.swift */ = {isa = PBXFileReference; lastKnownFileType = sourcecode.swift; path = LiveSplitServer.swift; sourceTree = "<group>"; };
		CD7CDC04256F7304002AE46F /* SimpleWebSocketServer.swift */ = {isa = PBXFileReference; lastKnownFileType = sourcecode.swift; path = SimpleWebSocketServer.swift; sourceTree = "<group>"; };
		CD7CDC2725717D2D002AE46F /* CelesteSplitter.swift */ = {isa = PBXFileReference; lastKnownFileType = sourcecode.swift; path = CelesteSplitter.swift; sourceTree = "<group>"; };
		CDA94456257382D300DB2A85 /* RouteBox.swift */ = {isa = PBXFileReference; lastKnownFileType = sourcecode.swift; path = RouteBox.swift; sourceTree = "<group>"; };
		CF09341B2ECF29501B823DEC /* Pods_SwiftSplit.framework */ = {isa = PBXFileReference; explicitFileType = wrapper.framework; includeInIndex = 0; path = Pods_SwiftSplit.framework; sourceTree = BUILT_PRODUCTS_DIR; };
		E1C15A185F4552F09EFE4D9D /* Pods-SwiftSplit.release.xcconfig */ = {isa = PBXFileReference; includeInIndex = 1; lastKnownFileType = text.xcconfig; name = "Pods-SwiftSplit.release.xcconfig"; path = "Target Support Files/Pods-SwiftSplit/Pods-SwiftSplit.release.xcconfig"; sourceTree = "<group>"; };
/* End PBXFileReference section */

/* Begin PBXFrameworksBuildPhase section */
		CD7CDBDE256F5D0D002AE46F /* Frameworks */ = {
			isa = PBXFrameworksBuildPhase;
			buildActionMask = 2147483647;
			files = (
				DB56D9F05D0BC5B4DE4CECC8 /* Pods_SwiftSplit.framework in Frameworks */,
			);
			runOnlyForDeploymentPostprocessing = 0;
		};
/* End PBXFrameworksBuildPhase section */

/* Begin PBXGroup section */
		5501C7D80B4DC7DA7135B62A /* Pods */ = {
			isa = PBXGroup;
			children = (
				2557401E37458142957F7D9D /* Pods-SwiftSplit.debug.xcconfig */,
				E1C15A185F4552F09EFE4D9D /* Pods-SwiftSplit.release.xcconfig */,
			);
			path = Pods;
			sourceTree = "<group>";
		};
		A3C182BC4E4A54B5B911D192 /* Frameworks */ = {
			isa = PBXGroup;
			children = (
				CF09341B2ECF29501B823DEC /* Pods_SwiftSplit.framework */,
			);
			name = Frameworks;
			sourceTree = "<group>";
		};
		CD7CDBD8256F5D0D002AE46F = {
			isa = PBXGroup;
			children = (
				CD7CDBE3256F5D0D002AE46F /* SwiftSplit */,
				CD7CDBE2256F5D0D002AE46F /* Products */,
				5501C7D80B4DC7DA7135B62A /* Pods */,
				A3C182BC4E4A54B5B911D192 /* Frameworks */,
			);
			sourceTree = "<group>";
		};
		CD7CDBE2256F5D0D002AE46F /* Products */ = {
			isa = PBXGroup;
			children = (
				CD7CDBE1256F5D0D002AE46F /* SwiftSplit.app */,
			);
			name = Products;
			sourceTree = "<group>";
		};
		CD7CDBE3256F5D0D002AE46F /* SwiftSplit */ = {
			isa = PBXGroup;
			children = (
				CD7CDC06256F8A21002AE46F /* Core */,
				CD7CDBE4256F5D0D002AE46F /* AppDelegate.swift */,
				CD7CDBE6256F5D0D002AE46F /* ViewController.swift */,
				CD7CDC2725717D2D002AE46F /* CelesteSplitter.swift */,
				CD7CDBE8256F5D0F002AE46F /* Assets.xcassets */,
				CD7CDBEA256F5D0F002AE46F /* Main.storyboard */,
				CDA94456257382D300DB2A85 /* RouteBox.swift */,
				CD7CDBED256F5D0F002AE46F /* Info.plist */,
				CD7CDBEE256F5D0F002AE46F /* SwiftSplit.entitlements */,
				CD7CDBF4256F5DDB002AE46F /* SwiftSplit-Bridging-Header.h */,
				CD7CDBFC256F5DFC002AE46F /* CelesteMemoryLayout.md */,
				CD7CDBF9256F5DFC002AE46F /* CelesteScanner.swift */,
			);
			path = SwiftSplit;
			sourceTree = "<group>";
		};
		CD7CDC06256F8A21002AE46F /* Core */ = {
			isa = PBXGroup;
			children = (
				CD7CDBFD256F5DFC002AE46F /* memory_scanner.c */,
				CD7CDBFA256F5DFC002AE46F /* memory_scanner.h */,
				CD7CDBF8256F5DFC002AE46F /* MemoryScanner.swift */,
				CD7CDC02256F626D002AE46F /* LiveSplitServer.swift */,
				CD7CDC04256F7304002AE46F /* SimpleWebSocketServer.swift */,
			);
			path = Core;
			sourceTree = "<group>";
		};
/* End PBXGroup section */

/* Begin PBXNativeTarget section */
		CD7CDBE0256F5D0D002AE46F /* SwiftSplit */ = {
			isa = PBXNativeTarget;
			buildConfigurationList = CD7CDBF1256F5D0F002AE46F /* Build configuration list for PBXNativeTarget "SwiftSplit" */;
			buildPhases = (
				B84115A84E3ECA84F9E2E188 /* [CP] Check Pods Manifest.lock */,
				CD7CDBDD256F5D0D002AE46F /* Sources */,
				CD7CDBDE256F5D0D002AE46F /* Frameworks */,
				CD7CDBDF256F5D0D002AE46F /* Resources */,
				4E8A2006F87A047D8A66FB25 /* [CP] Embed Pods Frameworks */,
			);
			buildRules = (
			);
			dependencies = (
			);
			name = SwiftSplit;
			productName = SwiftSplit;
			productReference = CD7CDBE1256F5D0D002AE46F /* SwiftSplit.app */;
			productType = "com.apple.product-type.application";
		};
/* End PBXNativeTarget section */

/* Begin PBXProject section */
		CD7CDBD9256F5D0D002AE46F /* Project object */ = {
			isa = PBXProject;
			attributes = {
				LastSwiftUpdateCheck = 1130;
				LastUpgradeCheck = 1130;
				ORGANIZATIONNAME = "Pierce Corcoran";
				TargetAttributes = {
					CD7CDBE0256F5D0D002AE46F = {
						CreatedOnToolsVersion = 11.3.1;
						LastSwiftMigration = 1130;
					};
				};
			};
			buildConfigurationList = CD7CDBDC256F5D0D002AE46F /* Build configuration list for PBXProject "SwiftSplit" */;
			compatibilityVersion = "Xcode 9.3";
			developmentRegion = en;
			hasScannedForEncodings = 0;
			knownRegions = (
				en,
				Base,
			);
			mainGroup = CD7CDBD8256F5D0D002AE46F;
			productRefGroup = CD7CDBE2256F5D0D002AE46F /* Products */;
			projectDirPath = "";
			projectRoot = "";
			targets = (
				CD7CDBE0256F5D0D002AE46F /* SwiftSplit */,
			);
		};
/* End PBXProject section */

/* Begin PBXResourcesBuildPhase section */
		CD7CDBDF256F5D0D002AE46F /* Resources */ = {
			isa = PBXResourcesBuildPhase;
			buildActionMask = 2147483647;
			files = (
				CD7CDBE9256F5D0F002AE46F /* Assets.xcassets in Resources */,
				CD7CDBEC256F5D0F002AE46F /* Main.storyboard in Resources */,
			);
			runOnlyForDeploymentPostprocessing = 0;
		};
/* End PBXResourcesBuildPhase section */

/* Begin PBXShellScriptBuildPhase section */
		4E8A2006F87A047D8A66FB25 /* [CP] Embed Pods Frameworks */ = {
			isa = PBXShellScriptBuildPhase;
			buildActionMask = 2147483647;
			files = (
			);
			inputFileListPaths = (
				"${PODS_ROOT}/Target Support Files/Pods-SwiftSplit/Pods-SwiftSplit-frameworks-${CONFIGURATION}-input-files.xcfilelist",
			);
			name = "[CP] Embed Pods Frameworks";
			outputFileListPaths = (
				"${PODS_ROOT}/Target Support Files/Pods-SwiftSplit/Pods-SwiftSplit-frameworks-${CONFIGURATION}-output-files.xcfilelist",
			);
			runOnlyForDeploymentPostprocessing = 0;
			shellPath = /bin/sh;
			shellScript = "\"${PODS_ROOT}/Target Support Files/Pods-SwiftSplit/Pods-SwiftSplit-frameworks.sh\"\n";
			showEnvVarsInLog = 0;
		};
		B84115A84E3ECA84F9E2E188 /* [CP] Check Pods Manifest.lock */ = {
			isa = PBXShellScriptBuildPhase;
			buildActionMask = 2147483647;
			files = (
			);
			inputFileListPaths = (
			);
			inputPaths = (
				"${PODS_PODFILE_DIR_PATH}/Podfile.lock",
				"${PODS_ROOT}/Manifest.lock",
			);
			name = "[CP] Check Pods Manifest.lock";
			outputFileListPaths = (
			);
			outputPaths = (
				"$(DERIVED_FILE_DIR)/Pods-SwiftSplit-checkManifestLockResult.txt",
			);
			runOnlyForDeploymentPostprocessing = 0;
			shellPath = /bin/sh;
			shellScript = "diff \"${PODS_PODFILE_DIR_PATH}/Podfile.lock\" \"${PODS_ROOT}/Manifest.lock\" > /dev/null\nif [ $? != 0 ] ; then\n    # print error to STDERR\n    echo \"error: The sandbox is not in sync with the Podfile.lock. Run 'pod install' or update your CocoaPods installation.\" >&2\n    exit 1\nfi\n# This output is used by Xcode 'outputs' to avoid re-running this script phase.\necho \"SUCCESS\" > \"${SCRIPT_OUTPUT_FILE_0}\"\n";
			showEnvVarsInLog = 0;
		};
/* End PBXShellScriptBuildPhase section */

/* Begin PBXSourcesBuildPhase section */
		CD7CDBDD256F5D0D002AE46F /* Sources */ = {
			isa = PBXSourcesBuildPhase;
			buildActionMask = 2147483647;
			files = (
				CD7CDC03256F626D002AE46F /* LiveSplitServer.swift in Sources */,
				CD7CDBFE256F5DFC002AE46F /* MemoryScanner.swift in Sources */,
				CD7CDC00256F5DFC002AE46F /* memory_scanner.c in Sources */,
				CD7CDBE7256F5D0D002AE46F /* ViewController.swift in Sources */,
				CDA94457257382D300DB2A85 /* RouteBox.swift in Sources */,
				CD7CDBFF256F5DFC002AE46F /* CelesteScanner.swift in Sources */,
				CD7CDC05256F7304002AE46F /* SimpleWebSocketServer.swift in Sources */,
				CD7CDBE5256F5D0D002AE46F /* AppDelegate.swift in Sources */,
				CD7CDC2825717D2D002AE46F /* CelesteSplitter.swift in Sources */,
			);
			runOnlyForDeploymentPostprocessing = 0;
		};
/* End PBXSourcesBuildPhase section */

/* Begin PBXVariantGroup section */
		CD7CDBEA256F5D0F002AE46F /* Main.storyboard */ = {
			isa = PBXVariantGroup;
			children = (
				CD7CDBEB256F5D0F002AE46F /* Base */,
			);
			name = Main.storyboard;
			sourceTree = "<group>";
		};
/* End PBXVariantGroup section */

/* Begin XCBuildConfiguration section */
		CD7CDBEF256F5D0F002AE46F /* Debug */ = {
			isa = XCBuildConfiguration;
			buildSettings = {
				ALWAYS_SEARCH_USER_PATHS = NO;
				CLANG_ANALYZER_NONNULL = YES;
				CLANG_ANALYZER_NUMBER_OBJECT_CONVERSION = YES_AGGRESSIVE;
				CLANG_CXX_LANGUAGE_STANDARD = "gnu++14";
				CLANG_CXX_LIBRARY = "libc++";
				CLANG_ENABLE_MODULES = YES;
				CLANG_ENABLE_OBJC_ARC = YES;
				CLANG_ENABLE_OBJC_WEAK = YES;
				CLANG_WARN_BLOCK_CAPTURE_AUTORELEASING = YES;
				CLANG_WARN_BOOL_CONVERSION = YES;
				CLANG_WARN_COMMA = YES;
				CLANG_WARN_CONSTANT_CONVERSION = YES;
				CLANG_WARN_DEPRECATED_OBJC_IMPLEMENTATIONS = YES;
				CLANG_WARN_DIRECT_OBJC_ISA_USAGE = YES_ERROR;
				CLANG_WARN_DOCUMENTATION_COMMENTS = YES;
				CLANG_WARN_EMPTY_BODY = YES;
				CLANG_WARN_ENUM_CONVERSION = YES;
				CLANG_WARN_INFINITE_RECURSION = YES;
				CLANG_WARN_INT_CONVERSION = YES;
				CLANG_WARN_NON_LITERAL_NULL_CONVERSION = YES;
				CLANG_WARN_OBJC_IMPLICIT_RETAIN_SELF = YES;
				CLANG_WARN_OBJC_LITERAL_CONVERSION = YES;
				CLANG_WARN_OBJC_ROOT_CLASS = YES_ERROR;
				CLANG_WARN_RANGE_LOOP_ANALYSIS = YES;
				CLANG_WARN_STRICT_PROTOTYPES = YES;
				CLANG_WARN_SUSPICIOUS_MOVE = YES;
				CLANG_WARN_UNGUARDED_AVAILABILITY = YES_AGGRESSIVE;
				CLANG_WARN_UNREACHABLE_CODE = YES;
				CLANG_WARN__DUPLICATE_METHOD_MATCH = YES;
				COPY_PHASE_STRIP = NO;
				DEBUG_INFORMATION_FORMAT = dwarf;
				ENABLE_STRICT_OBJC_MSGSEND = YES;
				ENABLE_TESTABILITY = YES;
				GCC_C_LANGUAGE_STANDARD = gnu11;
				GCC_DYNAMIC_NO_PIC = NO;
				GCC_NO_COMMON_BLOCKS = YES;
				GCC_OPTIMIZATION_LEVEL = 0;
				GCC_PREPROCESSOR_DEFINITIONS = (
					"DEBUG=1",
					"$(inherited)",
				);
				GCC_WARN_64_TO_32_BIT_CONVERSION = YES;
				GCC_WARN_ABOUT_RETURN_TYPE = YES_ERROR;
				GCC_WARN_UNDECLARED_SELECTOR = YES;
				GCC_WARN_UNINITIALIZED_AUTOS = YES_AGGRESSIVE;
				GCC_WARN_UNUSED_FUNCTION = YES;
				GCC_WARN_UNUSED_VARIABLE = YES;
				MACOSX_DEPLOYMENT_TARGET = 10.14;
				MTL_ENABLE_DEBUG_INFO = INCLUDE_SOURCE;
				MTL_FAST_MATH = YES;
				ONLY_ACTIVE_ARCH = YES;
				SDKROOT = macosx;
				SWIFT_ACTIVE_COMPILATION_CONDITIONS = DEBUG;
				SWIFT_OPTIMIZATION_LEVEL = "-Onone";
			};
			name = Debug;
		};
		CD7CDBF0256F5D0F002AE46F /* Release */ = {
			isa = XCBuildConfiguration;
			buildSettings = {
				ALWAYS_SEARCH_USER_PATHS = NO;
				CLANG_ANALYZER_NONNULL = YES;
				CLANG_ANALYZER_NUMBER_OBJECT_CONVERSION = YES_AGGRESSIVE;
				CLANG_CXX_LANGUAGE_STANDARD = "gnu++14";
				CLANG_CXX_LIBRARY = "libc++";
				CLANG_ENABLE_MODULES = YES;
				CLANG_ENABLE_OBJC_ARC = YES;
				CLANG_ENABLE_OBJC_WEAK = YES;
				CLANG_WARN_BLOCK_CAPTURE_AUTORELEASING = YES;
				CLANG_WARN_BOOL_CONVERSION = YES;
				CLANG_WARN_COMMA = YES;
				CLANG_WARN_CONSTANT_CONVERSION = YES;
				CLANG_WARN_DEPRECATED_OBJC_IMPLEMENTATIONS = YES;
				CLANG_WARN_DIRECT_OBJC_ISA_USAGE = YES_ERROR;
				CLANG_WARN_DOCUMENTATION_COMMENTS = YES;
				CLANG_WARN_EMPTY_BODY = YES;
				CLANG_WARN_ENUM_CONVERSION = YES;
				CLANG_WARN_INFINITE_RECURSION = YES;
				CLANG_WARN_INT_CONVERSION = YES;
				CLANG_WARN_NON_LITERAL_NULL_CONVERSION = YES;
				CLANG_WARN_OBJC_IMPLICIT_RETAIN_SELF = YES;
				CLANG_WARN_OBJC_LITERAL_CONVERSION = YES;
				CLANG_WARN_OBJC_ROOT_CLASS = YES_ERROR;
				CLANG_WARN_RANGE_LOOP_ANALYSIS = YES;
				CLANG_WARN_STRICT_PROTOTYPES = YES;
				CLANG_WARN_SUSPICIOUS_MOVE = YES;
				CLANG_WARN_UNGUARDED_AVAILABILITY = YES_AGGRESSIVE;
				CLANG_WARN_UNREACHABLE_CODE = YES;
				CLANG_WARN__DUPLICATE_METHOD_MATCH = YES;
				COPY_PHASE_STRIP = NO;
				DEBUG_INFORMATION_FORMAT = "dwarf-with-dsym";
				ENABLE_NS_ASSERTIONS = NO;
				ENABLE_STRICT_OBJC_MSGSEND = YES;
				GCC_C_LANGUAGE_STANDARD = gnu11;
				GCC_NO_COMMON_BLOCKS = YES;
				GCC_WARN_64_TO_32_BIT_CONVERSION = YES;
				GCC_WARN_ABOUT_RETURN_TYPE = YES_ERROR;
				GCC_WARN_UNDECLARED_SELECTOR = YES;
				GCC_WARN_UNINITIALIZED_AUTOS = YES_AGGRESSIVE;
				GCC_WARN_UNUSED_FUNCTION = YES;
				GCC_WARN_UNUSED_VARIABLE = YES;
				MACOSX_DEPLOYMENT_TARGET = 10.14;
				MTL_ENABLE_DEBUG_INFO = NO;
				MTL_FAST_MATH = YES;
				SDKROOT = macosx;
				SWIFT_COMPILATION_MODE = wholemodule;
				SWIFT_OPTIMIZATION_LEVEL = "-O";
			};
			name = Release;
		};
		CD7CDBF2256F5D0F002AE46F /* Debug */ = {
			isa = XCBuildConfiguration;
			baseConfigurationReference = 2557401E37458142957F7D9D /* Pods-SwiftSplit.debug.xcconfig */;
			buildSettings = {
				ASSETCATALOG_COMPILER_APPICON_NAME = AppIcon;
				CLANG_ENABLE_MODULES = YES;
				CODE_SIGN_ENTITLEMENTS = SwiftSplit/SwiftSplit.entitlements;
				CODE_SIGN_IDENTITY = "Apple Development";
				CODE_SIGN_STYLE = Automatic;
				COMBINE_HIDPI_IMAGES = YES;
				CURRENT_PROJECT_VERSION = 1;
				DEVELOPMENT_TEAM = V2EPDFA9PV;
				ENABLE_HARDENED_RUNTIME = YES;
				INFOPLIST_FILE = SwiftSplit/Info.plist;
				LD_RUNPATH_SEARCH_PATHS = (
					"$(inherited)",
					"@executable_path/../Frameworks",
				);
				MARKETING_VERSION = 1.1.0;
				PRODUCT_BUNDLE_IDENTIFIER = dev.thecodewarrior.SwiftSplit;
				PRODUCT_NAME = "$(TARGET_NAME)";
				SWIFT_OBJC_BRIDGING_HEADER = "SwiftSplit/SwiftSplit-Bridging-Header.h";
				SWIFT_OPTIMIZATION_LEVEL = "-Onone";
				SWIFT_VERSION = 5.0;
			};
			name = Debug;
		};
		CD7CDBF3256F5D0F002AE46F /* Release */ = {
			isa = XCBuildConfiguration;
			baseConfigurationReference = E1C15A185F4552F09EFE4D9D /* Pods-SwiftSplit.release.xcconfig */;
			buildSettings = {
				ASSETCATALOG_COMPILER_APPICON_NAME = AppIcon;
				CLANG_ENABLE_MODULES = YES;
				CODE_SIGN_ENTITLEMENTS = SwiftSplit/SwiftSplit.entitlements;
				CODE_SIGN_IDENTITY = "Apple Development";
				CODE_SIGN_STYLE = Automatic;
				COMBINE_HIDPI_IMAGES = YES;
				CURRENT_PROJECT_VERSION = 1;
				DEVELOPMENT_TEAM = V2EPDFA9PV;
				ENABLE_HARDENED_RUNTIME = YES;
				INFOPLIST_FILE = SwiftSplit/Info.plist;
				LD_RUNPATH_SEARCH_PATHS = (
					"$(inherited)",
					"@executable_path/../Frameworks",
				);
				MARKETING_VERSION = 1.1.0;
				PRODUCT_BUNDLE_IDENTIFIER = dev.thecodewarrior.SwiftSplit;
				PRODUCT_NAME = "$(TARGET_NAME)";
				SWIFT_OBJC_BRIDGING_HEADER = "SwiftSplit/SwiftSplit-Bridging-Header.h";
				SWIFT_VERSION = 5.0;
			};
			name = Release;
		};
/* End XCBuildConfiguration section */

/* Begin XCConfigurationList section */
		CD7CDBDC256F5D0D002AE46F /* Build configuration list for PBXProject "SwiftSplit" */ = {
			isa = XCConfigurationList;
			buildConfigurations = (
				CD7CDBEF256F5D0F002AE46F /* Debug */,
				CD7CDBF0256F5D0F002AE46F /* Release */,
			);
			defaultConfigurationIsVisible = 0;
			defaultConfigurationName = Release;
		};
		CD7CDBF1256F5D0F002AE46F /* Build configuration list for PBXNativeTarget "SwiftSplit" */ = {
			isa = XCConfigurationList;
			buildConfigurations = (
				CD7CDBF2256F5D0F002AE46F /* Debug */,
				CD7CDBF3256F5D0F002AE46F /* Release */,
			);
			defaultConfigurationIsVisible = 0;
			defaultConfigurationName = Release;
		};
/* End XCConfigurationList section */
	};
	rootObject = CD7CDBD9256F5D0D002AE46F /* Project object */;
}
